
Microsoft Visual Studio Solution File, Format Version 12.00
# Visual Studio 2012
Project("{FAE04EC0-301F-11D3-BF4B-00C04F79EFBC}") = "DoubanFM", "DoubanFM\DoubanFM.csproj", "{DDDAF282-C866-4036-AAF0-146D6D74080B}"
EndProject
Project("{FAE04EC0-301F-11D3-BF4B-00C04F79EFBC}") = "DoubanFM.Core", "DoubanFM.Core\DoubanFM.Core.csproj", "{AA75B5E6-F373-49D7-B2E0-16C3E57321F7}"
EndProject
Project("{FAE04EC0-301F-11D3-BF4B-00C04F79EFBC}") = "NotifyIconWpf", "NotifyIconWpf\NotifyIconWpf.csproj", "{7AC63864-7638-41C4-969C-D3197EF2BED9}"
EndProject
Project("{2150E333-8FDC-42A3-9474-1A3956D46DE8}") = "Solution Items", "Solution Items", "{83D9C222-9C9B-4666-AF75-8070323790E5}"
	ProjectSection(SolutionItems) = preProject
		version.dat = version.dat
		WPFSoundVisualizationLib.dll = WPFSoundVisualizationLib.dll
	EndProjectSection
EndProject
Project("{FAE04EC0-301F-11D3-BF4B-00C04F79EFBC}") = "DoubanFM.Bass", "DoubanFM.Bass\DoubanFM.Bass.csproj", "{62324CFD-03FF-44B4-9204-66BAE86972B6}"
EndProject
Global
	GlobalSection(TeamFoundationVersionControl) = preSolution
		SccNumberOfProjects = 5
		SccEnterpriseProvider = {4CA58AB2-18FA-4F8D-95D4-32DDF27D184C}
		SccTeamFoundationServer = https://tfs.codeplex.com/tfs/tfs31
		SccLocalPath0 = .
		SccProjectUniqueName1 = DoubanFM.Core\\DoubanFM.Core.csproj
		SccProjectName1 = DoubanFM.Core
		SccLocalPath1 = DoubanFM.Core
		SccProjectUniqueName2 = DoubanFM\\DoubanFM.csproj
		SccProjectName2 = DoubanFM
		SccLocalPath2 = DoubanFM
		SccProjectUniqueName3 = NotifyIconWpf\\NotifyIconWpf.csproj
		SccProjectName3 = NotifyIconWpf
		SccLocalPath3 = NotifyIconWpf
		SccProjectUniqueName4 = DoubanFM.Bass\\DoubanFM.Bass.csproj
		SccProjectName4 = DoubanFM.Bass
		SccLocalPath4 = DoubanFM.Bass
	EndGlobalSection
	GlobalSection(SolutionConfigurationPlatforms) = preSolution
		Debug|Any CPU = Debug|Any CPU
		Release|Any CPU = Release|Any CPU
	EndGlobalSection
	GlobalSection(ProjectConfigurationPlatforms) = postSolution
		{DDDAF282-C866-4036-AAF0-146D6D74080B}.Debug|Any CPU.ActiveCfg = Debug|Any CPU
		{DDDAF282-C866-4036-AAF0-146D6D74080B}.Debug|Any CPU.Build.0 = Debug|Any CPU
		{DDDAF282-C866-4036-AAF0-146D6D74080B}.Release|Any CPU.ActiveCfg = Release|Any CPU
		{DDDAF282-C866-4036-AAF0-146D6D74080B}.Release|Any CPU.Build.0 = Release|Any CPU
		{AA75B5E6-F373-49D7-B2E0-16C3E57321F7}.Debug|Any CPU.ActiveCfg = Debug|Any CPU
		{AA75B5E6-F373-49D7-B2E0-16C3E57321F7}.Debug|Any CPU.Build.0 = Debug|Any CPU
		{AA75B5E6-F373-49D7-B2E0-16C3E57321F7}.Release|Any CPU.ActiveCfg = Release|Any CPU
		{AA75B5E6-F373-49D7-B2E0-16C3E57321F7}.Release|Any CPU.Build.0 = Release|Any CPU
		{7AC63864-7638-41C4-969C-D3197EF2BED9}.Debug|Any CPU.ActiveCfg = Debug|Any CPU
		{7AC63864-7638-41C4-969C-D3197EF2BED9}.Debug|Any CPU.Build.0 = Debug|Any CPU
		{7AC63864-7638-41C4-969C-D3197EF2BED9}.Release|Any CPU.ActiveCfg = Release|Any CPU
		{7AC63864-7638-41C4-969C-D3197EF2BED9}.Release|Any CPU.Build.0 = Release|Any CPU
		{62324CFD-03FF-44B4-9204-66BAE86972B6}.Debug|Any CPU.ActiveCfg = Debug|Any CPU
		{62324CFD-03FF-44B4-9204-66BAE86972B6}.Debug|Any CPU.Build.0 = Debug|Any CPU
		{62324CFD-03FF-44B4-9204-66BAE86972B6}.Release|Any CPU.ActiveCfg = Release|Any CPU
		{62324CFD-03FF-44B4-9204-66BAE86972B6}.Release|Any CPU.Build.0 = Release|Any CPU
	EndGlobalSection
	GlobalSection(SolutionProperties) = preSolution
		HideSolutionNode = FALSE
	EndGlobalSection
EndGlobal
